
Microsoft Visual Studio Solution File, Format Version 12.00
# Visual Studio Version 17
VisualStudioVersion = 17.0.31903.59
MinimumVisualStudioVersion = 10.0.40219.1
Project("{FAE04EC0-301F-11D3-BF4B-00C04F79EFBC}") = "Smap.Android", "Smap\Smap.Android\Smap.Android.csproj", "{3AAEE845-7BC8-4C59-9C76-B57769D4EF02}"
EndProject
Project("{FAE04EC0-301F-11D3-BF4B-00C04F79EFBC}") = "Smap.iOS", "Smap\Smap.iOS\Smap.iOS.csproj", "{2925F598-F82E-4690-95A6-645FC766DCB1}"
EndProject
Project("{FAE04EC0-301F-11D3-BF4B-00C04F79EFBC}") = "Smap", "Smap\Smap\Smap.csproj", "{5CAC99E4-2B54-4543-8BCD-FBB4DB7BE13D}"
EndProject
Global
	GlobalSection(SolutionConfigurationPlatforms) = preSolution
		Debug|Any CPU = Debug|Any CPU
		Debug|iPhone = Debug|iPhone
		Debug|iPhoneSimulator = Debug|iPhoneSimulator
		Release|Any CPU = Release|Any CPU
		Release|iPhone = Release|iPhone
		Release|iPhoneSimulator = Release|iPhoneSimulator
	EndGlobalSection
	GlobalSection(ProjectConfigurationPlatforms) = postSolution
		{3AAEE845-7BC8-4C59-9C76-B57769D4EF02}.Debug|Any CPU.ActiveCfg = Debug|Any CPU
		{3AAEE845-7BC8-4C59-9C76-B57769D4EF02}.Debug|Any CPU.Build.0 = Debug|Any CPU
		{3AAEE845-7BC8-4C59-9C76-B57769D4EF02}.Debug|Any CPU.Deploy.0 = Debug|Any CPU
		{3AAEE845-7BC8-4C59-9C76-B57769D4EF02}.Debug|iPhone.ActiveCfg = Debug|Any CPU
		{3AAEE845-7BC8-4C59-9C76-B57769D4EF02}.Debug|iPhone.Build.0 = Debug|Any CPU
		{3AAEE845-7BC8-4C59-9C76-B57769D4EF02}.Debug|iPhone.Deploy.0 = Debug|Any CPU
		{3AAEE845-7BC8-4C59-9C76-B57769D4EF02}.Debug|iPhoneSimulator.ActiveCfg = Debug|Any CPU
		{3AAEE845-7BC8-4C59-9C76-B57769D4EF02}.Debug|iPhoneSimulator.Build.0 = Debug|Any CPU
		{3AAEE845-7BC8-4C59-9C76-B57769D4EF02}.Debug|iPhoneSimulator.Deploy.0 = Debug|Any CPU
		{3AAEE845-7BC8-4C59-9C76-B57769D4EF02}.Release|Any CPU.ActiveCfg = Release|Any CPU
		{3AAEE845-7BC8-4C59-9C76-B57769D4EF02}.Release|Any CPU.Build.0 = Release|Any CPU
		{3AAEE845-7BC8-4C59-9C76-B57769D4EF02}.Release|Any CPU.Deploy.0 = Release|Any CPU
		{3AAEE845-7BC8-4C59-9C76-B57769D4EF02}.Release|iPhone.ActiveCfg = Release|Any CPU
		{3AAEE845-7BC8-4C59-9C76-B57769D4EF02}.Release|iPhone.Build.0 = Release|Any CPU
		{3AAEE845-7BC8-4C59-9C76-B57769D4EF02}.Release|iPhone.Deploy.0 = Release|Any CPU
		{3AAEE845-7BC8-4C59-9C76-B57769D4EF02}.Release|iPhoneSimulator.ActiveCfg = Release|Any CPU
		{3AAEE845-7BC8-4C59-9C76-B57769D4EF02}.Release|iPhoneSimulator.Build.0 = Release|Any CPU
		{3AAEE845-7BC8-4C59-9C76-B57769D4EF02}.Release|iPhoneSimulator.Deploy.0 = Release|Any CPU
		{2925F598-F82E-4690-95A6-645FC766DCB1}.Debug|Any CPU.ActiveCfg = Debug|iPhone
		{2925F598-F82E-4690-95A6-645FC766DCB1}.Debug|Any CPU.Build.0 = Debug|iPhone
		{2925F598-F82E-4690-95A6-645FC766DCB1}.Debug|Any CPU.Deploy.0 = Debug|iPhone
		{2925F598-F82E-4690-95A6-645FC766DCB1}.Debug|iPhone.ActiveCfg = Debug|iPhone
		{2925F598-F82E-4690-95A6-645FC766DCB1}.Debug|iPhone.Build.0 = Debug|iPhone
		{2925F598-F82E-4690-95A6-645FC766DCB1}.Debug|iPhone.Deploy.0 = Debug|iPhone
		{2925F598-F82E-4690-95A6-645FC766DCB1}.Debug|iPhoneSimulator.ActiveCfg = Debug|iPhoneSimulator
		{2925F598-F82E-4690-95A6-645FC766DCB1}.Debug|iPhoneSimulator.Build.0 = Debug|iPhoneSimulator
		{2925F598-F82E-4690-95A6-645FC766DCB1}.Debug|iPhoneSimulator.Deploy.0 = Debug|iPhoneSimulator
		{2925F598-F82E-4690-95A6-645FC766DCB1}.Release|Any CPU.ActiveCfg = Release|iPhoneSimulator
		{2925F598-F82E-4690-95A6-645FC766DCB1}.Release|Any CPU.Build.0 = Release|iPhoneSimulator
		{2925F598-F82E-4690-95A6-645FC766DCB1}.Release|Any CPU.Deploy.0 = Release|iPhoneSimulator
		{2925F598-F82E-4690-95A6-645FC766DCB1}.Release|iPhone.ActiveCfg = Release|iPhone
		{2925F598-F82E-4690-95A6-645FC766DCB1}.Release|iPhone.Build.0 = Release|iPhone
		{2925F598-F82E-4690-95A6-645FC766DCB1}.Release|iPhone.Deploy.0 = Release|iPhone
		{2925F598-F82E-4690-95A6-645FC766DCB1}.Release|iPhoneSimulator.ActiveCfg = Release|iPhoneSimulator
		{2925F598-F82E-4690-95A6-645FC766DCB1}.Release|iPhoneSimulator.Build.0 = Release|iPhoneSimulator
		{2925F598-F82E-4690-95A6-645FC766DCB1}.Release|iPhoneSimulator.Deploy.0 = Release|iPhoneSimulator
		{5CAC99E4-2B54-4543-8BCD-FBB4DB7BE13D}.Debug|Any CPU.ActiveCfg = Debug|Any CPU
		{5CAC99E4-2B54-4543-8BCD-FBB4DB7BE13D}.Debug|Any CPU.Build.0 = Debug|Any CPU
		{5CAC99E4-2B54-4543-8BCD-FBB4DB7BE13D}.Debug|Any CPU.Deploy.0 = Debug|Any CPU
		{5CAC99E4-2B54-4543-8BCD-FBB4DB7BE13D}.Debug|iPhone.ActiveCfg = Debug|Any CPU
		{5CAC99E4-2B54-4543-8BCD-FBB4DB7BE13D}.Debug|iPhone.Build.0 = Debug|Any CPU
		{5CAC99E4-2B54-4543-8BCD-FBB4DB7BE13D}.Debug|iPhone.Deploy.0 = Debug|Any CPU
		{5CAC99E4-2B54-4543-8BCD-FBB4DB7BE13D}.Debug|iPhoneSimulator.ActiveCfg = Debug|Any CPU
		{5CAC99E4-2B54-4543-8BCD-FBB4DB7BE13D}.Debug|iPhoneSimulator.Build.0 = Debug|Any CPU
		{5CAC99E4-2B54-4543-8BCD-FBB4DB7BE13D}.Debug|iPhoneSimulator.Deploy.0 = Debug|Any CPU
		{5CAC99E4-2B54-4543-8BCD-FBB4DB7BE13D}.Release|Any CPU.ActiveCfg = Release|Any CPU
		{5CAC99E4-2B54-4543-8BCD-FBB4DB7BE13D}.Release|Any CPU.Build.0 = Release|Any CPU
		{5CAC99E4-2B54-4543-8BCD-FBB4DB7BE13D}.Release|Any CPU.Deploy.0 = Release|Any CPU
		{5CAC99E4-2B54-4543-8BCD-FBB4DB7BE13D}.Release|iPhone.ActiveCfg = Release|Any CPU
		{5CAC99E4-2B54-4543-8BCD-FBB4DB7BE13D}.Release|iPhone.Build.0 = Release|Any CPU
		{5CAC99E4-2B54-4543-8BCD-FBB4DB7BE13D}.Release|iPhone.Deploy.0 = Release|Any CPU
		{5CAC99E4-2B54-4543-8BCD-FBB4DB7BE13D}.Release|iPhoneSimulator.ActiveCfg = Release|Any CPU
		{5CAC99E4-2B54-4543-8BCD-FBB4DB7BE13D}.Release|iPhoneSimulator.Build.0 = Release|Any CPU
		{5CAC99E4-2B54-4543-8BCD-FBB4DB7BE13D}.Release|iPhoneSimulator.Deploy.0 = Release|Any CPU
	EndGlobalSection
	GlobalSection(SolutionProperties) = preSolution
		HideSolutionNode = FALSE
	EndGlobalSection
	GlobalSection(ExtensibilityGlobals) = postSolution
		SolutionGuid = {D92E4794-E940-40C7-A236-165661F30F25}
	EndGlobalSection
EndGlobal
